{
  "name": "vite-plugin-elos",
  "version": "1.8.0",
  "lockfileVersion": 3,
  "requires": true,
  "packages": {
    "": {
      "name": "vite-plugin-elos",
      "version": "1.8.0",
      "license": "ISC",
      "dependencies": {
        "elos": "^0.2.0"
      }
    },
    "node_modules/elos": {
      "version": "0.2.0",
      "resolved": "https://registry.npmjs.org/elos/-/elos-0.2.0.tgz",
      "integrity": "sha512-FYjdnULhGfzOa6B9hvfGsFuaI6XDjLwDEEhGSVh56Iou3RLu0gA6swYZ3YytvPObANIo8OUYR4VkezosWiH23g=="
    }
  }
}
