{
  "name": "vite-plugin-elos",
  "version": "1.11.0",
  "lockfileVersion": 3,
  "requires": true,
  "packages": {
    "": {
      "name": "vite-plugin-elos",
      "version": "1.11.0",
      "license": "ISC",
      "dependencies": {
        "elos": "^0.4.0"
      }
    },
    "node_modules/elos": {
      "version": "0.4.0",
      "resolved": "https://registry.npmjs.org/elos/-/elos-0.4.0.tgz",
      "integrity": "sha512-As9CZpoT5VtsFO17DMcHQhJqq3yFJ/Eaev1Qa/n9plKMbOU6x36nbm+fRTVk1oiYd03THagMu+Q9r4mtAvM4DA==",
      "bin": {
        "elos": "bin/elos.js"
      }
    }
  }
}
