{
  "name": "vite-plugin-elos",
  "version": "1.12.0",
  "lockfileVersion": 3,
  "requires": true,
  "packages": {
    "": {
      "name": "vite-plugin-elos",
      "version": "1.12.0",
      "license": "ISC",
      "dependencies": {
        "elos": "^0.6.0"
      }
    },
    "node_modules/elos": {
      "version": "0.6.0",
      "resolved": "https://registry.npmjs.org/elos/-/elos-0.6.0.tgz",
      "integrity": "sha512-+4eTJ5RAzn9jMwPVrUdOPxu8onyGWLLE3nw9QMngKDLZzLExVSJMvwANLS40scyMhhZ5Eg5UbV5bzsMX964dvg==",
      "bin": {
        "elos": "bin/elos.js"
      }
    }
  }
}
